
Microsoft Visual Studio Solution File, Format Version 12.00
# Visual Studio Version 17
VisualStudioVersion = 17.5.002.0
MinimumVisualStudioVersion = 10.0.40219.1
Project("{9A19103F-16F7-4668-BE54-9A1E7A4F7556}") = "CMPSC263Benchmarking.NET8", "CMPSC263Benchmarking.NET8.csproj", "{C7C228B7-DBA3-4AE0-A50D-E1C849B5A40E}"
EndProject
Global
	GlobalSection(SolutionConfigurationPlatforms) = preSolution
		Debug|Any CPU = Debug|Any CPU
		Release|Any CPU = Release|Any CPU
	EndGlobalSection
	GlobalSection(ProjectConfigurationPlatforms) = postSolution
		{C7C228B7-DBA3-4AE0-A50D-E1C849B5A40E}.Debug|Any CPU.ActiveCfg = Debug|Any CPU
		{C7C228B7-DBA3-4AE0-A50D-E1C849B5A40E}.Debug|Any CPU.Build.0 = Debug|Any CPU
		{C7C228B7-DBA3-4AE0-A50D-E1C849B5A40E}.Release|Any CPU.ActiveCfg = Release|Any CPU
		{C7C228B7-DBA3-4AE0-A50D-E1C849B5A40E}.Release|Any CPU.Build.0 = Release|Any CPU
	EndGlobalSection
	GlobalSection(SolutionProperties) = preSolution
		HideSolutionNode = FALSE
	EndGlobalSection
	GlobalSection(ExtensibilityGlobals) = postSolution
		SolutionGuid = {3328B77D-9FC0-4D0A-961C-6A5C9E46C050}
	EndGlobalSection
EndGlobal
